
Microsoft Visual Studio Solution File, Format Version 12.00
# Visual Studio 15
VisualStudioVersion = 15.0.26124.0
MinimumVisualStudioVersion = 15.0.26124.0
Project("{FAE04EC0-301F-11D3-BF4B-00C04F79EFBC}") = "consoleapp1", "ConsoleApp1\consoleapp1.csproj", "{1F500E00-B856-47C4-AA65-996DCEA75EB6}"
EndProject
Project("{FAE04EC0-301F-11D3-BF4B-00C04F79EFBC}") = "NUnitTestProject1", "NUnitTestProject1\NUnitTestProject1.csproj", "{42F16B7F-9A62-4B58-988D-C9927F7CAABC}"
EndProject
Global
	GlobalSection(SolutionConfigurationPlatforms) = preSolution
		Debug|Any CPU = Debug|Any CPU
		Debug|x64 = Debug|x64
		Debug|x86 = Debug|x86
		Release|Any CPU = Release|Any CPU
		Release|x64 = Release|x64
		Release|x86 = Release|x86
	EndGlobalSection
	GlobalSection(SolutionProperties) = preSolution
		HideSolutionNode = FALSE
	EndGlobalSection
	GlobalSection(ProjectConfigurationPlatforms) = postSolution
		{1F500E00-B856-47C4-AA65-996DCEA75EB6}.Debug|Any CPU.ActiveCfg = Debug|Any CPU
		{1F500E00-B856-47C4-AA65-996DCEA75EB6}.Debug|Any CPU.Build.0 = Debug|Any CPU
		{1F500E00-B856-47C4-AA65-996DCEA75EB6}.Debug|x64.ActiveCfg = Debug|Any CPU
		{1F500E00-B856-47C4-AA65-996DCEA75EB6}.Debug|x64.Build.0 = Debug|Any CPU
		{1F500E00-B856-47C4-AA65-996DCEA75EB6}.Debug|x86.ActiveCfg = Debug|Any CPU
		{1F500E00-B856-47C4-AA65-996DCEA75EB6}.Debug|x86.Build.0 = Debug|Any CPU
		{1F500E00-B856-47C4-AA65-996DCEA75EB6}.Release|Any CPU.ActiveCfg = Release|Any CPU
		{1F500E00-B856-47C4-AA65-996DCEA75EB6}.Release|Any CPU.Build.0 = Release|Any CPU
		{1F500E00-B856-47C4-AA65-996DCEA75EB6}.Release|x64.ActiveCfg = Release|Any CPU
		{1F500E00-B856-47C4-AA65-996DCEA75EB6}.Release|x64.Build.0 = Release|Any CPU
		{1F500E00-B856-47C4-AA65-996DCEA75EB6}.Release|x86.ActiveCfg = Release|Any CPU
		{1F500E00-B856-47C4-AA65-996DCEA75EB6}.Release|x86.Build.0 = Release|Any CPU
		{42F16B7F-9A62-4B58-988D-C9927F7CAABC}.Debug|Any CPU.ActiveCfg = Debug|Any CPU
		{42F16B7F-9A62-4B58-988D-C9927F7CAABC}.Debug|Any CPU.Build.0 = Debug|Any CPU
		{42F16B7F-9A62-4B58-988D-C9927F7CAABC}.Debug|x64.ActiveCfg = Debug|Any CPU
		{42F16B7F-9A62-4B58-988D-C9927F7CAABC}.Debug|x64.Build.0 = Debug|Any CPU
		{42F16B7F-9A62-4B58-988D-C9927F7CAABC}.Debug|x86.ActiveCfg = Debug|Any CPU
		{42F16B7F-9A62-4B58-988D-C9927F7CAABC}.Debug|x86.Build.0 = Debug|Any CPU
		{42F16B7F-9A62-4B58-988D-C9927F7CAABC}.Release|Any CPU.ActiveCfg = Release|Any CPU
		{42F16B7F-9A62-4B58-988D-C9927F7CAABC}.Release|Any CPU.Build.0 = Release|Any CPU
		{42F16B7F-9A62-4B58-988D-C9927F7CAABC}.Release|x64.ActiveCfg = Release|Any CPU
		{42F16B7F-9A62-4B58-988D-C9927F7CAABC}.Release|x64.Build.0 = Release|Any CPU
		{42F16B7F-9A62-4B58-988D-C9927F7CAABC}.Release|x86.ActiveCfg = Release|Any CPU
		{42F16B7F-9A62-4B58-988D-C9927F7CAABC}.Release|x86.Build.0 = Release|Any CPU
	EndGlobalSection
EndGlobal
